
Microsoft Visual Studio Solution File, Format Version 12.00
# Visual Studio 15
VisualStudioVersion = 15.0.28307.1321
MinimumVisualStudioVersion = 10.0.40219.1
Project("{FAE04EC0-301F-11D3-BF4B-00C04F79EFBC}") = "NewAPP", "NewAPP\NewAPP.csproj", "{870BC62B-9E16-40B4-AFCA-41095FD33DA5}"
EndProject
Global
	GlobalSection(SolutionConfigurationPlatforms) = preSolution
		Debug|Any CPU = Debug|Any CPU
		Release|Any CPU = Release|Any CPU
	EndGlobalSection
	GlobalSection(ProjectConfigurationPlatforms) = postSolution
		{870BC62B-9E16-40B4-AFCA-41095FD33DA5}.Debug|Any CPU.ActiveCfg = Debug|Any CPU
		{870BC62B-9E16-40B4-AFCA-41095FD33DA5}.Debug|Any CPU.Build.0 = Debug|Any CPU
		{870BC62B-9E16-40B4-AFCA-41095FD33DA5}.Release|Any CPU.ActiveCfg = Release|Any CPU
		{870BC62B-9E16-40B4-AFCA-41095FD33DA5}.Release|Any CPU.Build.0 = Release|Any CPU
	EndGlobalSection
	GlobalSection(SolutionProperties) = preSolution
		HideSolutionNode = FALSE
	EndGlobalSection
	GlobalSection(ExtensibilityGlobals) = postSolution
		SolutionGuid = {FB61FEFA-402E-4EC2-83EE-D2028CDF5B9C}
	EndGlobalSection
EndGlobal
